
Microsoft Visual Studio Solution File, Format Version 12.00
# Visual Studio Version 17
VisualStudioVersion = 17.1.32319.34
MinimumVisualStudioVersion = 10.0.40219.1
Project("{9A19103F-16F7-4668-BE54-9A1E7A4F7556}") = "Arma-3-Server-Manager", "Arma-3-Server-Manager\Arma-3-Server-Manager.csproj", "{5514EA79-F3C1-4938-9868-43D87CD903EF}"
EndProject
Project("{FAE04EC0-301F-11D3-BF4B-00C04F79EFBC}") = "Arma-3-Server-Manager-Tests", "Arma-3-Server-Manager-Tests\Arma-3-Server-Manager-Tests.csproj", "{6C9CED66-3AE6-4F79-B23A-34D678099F0E}"
EndProject
Global
	GlobalSection(SolutionConfigurationPlatforms) = preSolution
		Debug|Any CPU = Debug|Any CPU
		Release|Any CPU = Release|Any CPU
	EndGlobalSection
	GlobalSection(ProjectConfigurationPlatforms) = postSolution
		{5514EA79-F3C1-4938-9868-43D87CD903EF}.Debug|Any CPU.ActiveCfg = Debug|Any CPU
		{5514EA79-F3C1-4938-9868-43D87CD903EF}.Debug|Any CPU.Build.0 = Debug|Any CPU
		{5514EA79-F3C1-4938-9868-43D87CD903EF}.Release|Any CPU.ActiveCfg = Release|Any CPU
		{5514EA79-F3C1-4938-9868-43D87CD903EF}.Release|Any CPU.Build.0 = Release|Any CPU
		{6C9CED66-3AE6-4F79-B23A-34D678099F0E}.Debug|Any CPU.ActiveCfg = Debug|Any CPU
		{6C9CED66-3AE6-4F79-B23A-34D678099F0E}.Debug|Any CPU.Build.0 = Debug|Any CPU
		{6C9CED66-3AE6-4F79-B23A-34D678099F0E}.Release|Any CPU.ActiveCfg = Release|Any CPU
		{6C9CED66-3AE6-4F79-B23A-34D678099F0E}.Release|Any CPU.Build.0 = Release|Any CPU
	EndGlobalSection
	GlobalSection(SolutionProperties) = preSolution
		HideSolutionNode = FALSE
	EndGlobalSection
	GlobalSection(ExtensibilityGlobals) = postSolution
		SolutionGuid = {F64635F6-800B-4461-8055-88195D9B5FB6}
	EndGlobalSection
EndGlobal
